
Microsoft Visual Studio Solution File, Format Version 12.00
# Visual Studio Version 17
VisualStudioVersion = 17.3.32901.215
MinimumVisualStudioVersion = 10.0.40219.1
Project("{F184B08F-C81C-45F6-A57F-5ABD9991F28F}") = "PROYECTO_WEB", "PROYECTO_WEB\PROYECTO_WEB.vbproj", "{104D4C7B-AD18-4CD1-B9BF-D2BD4C922175}"
EndProject
Global
	GlobalSection(SolutionConfigurationPlatforms) = preSolution
		Debug|Any CPU = Debug|Any CPU
		Release|Any CPU = Release|Any CPU
	EndGlobalSection
	GlobalSection(ProjectConfigurationPlatforms) = postSolution
		{104D4C7B-AD18-4CD1-B9BF-D2BD4C922175}.Debug|Any CPU.ActiveCfg = Debug|Any CPU
		{104D4C7B-AD18-4CD1-B9BF-D2BD4C922175}.Debug|Any CPU.Build.0 = Debug|Any CPU
		{104D4C7B-AD18-4CD1-B9BF-D2BD4C922175}.Release|Any CPU.ActiveCfg = Release|Any CPU
		{104D4C7B-AD18-4CD1-B9BF-D2BD4C922175}.Release|Any CPU.Build.0 = Release|Any CPU
	EndGlobalSection
	GlobalSection(SolutionProperties) = preSolution
		HideSolutionNode = FALSE
	EndGlobalSection
	GlobalSection(ExtensibilityGlobals) = postSolution
		SolutionGuid = {398BE7D9-0CD8-4ACA-ABB0-E8A227557F7D}
	EndGlobalSection
EndGlobal
